PODS:
  - boost-for-react-native (1.63.0)
  - BVLinearGradient (2.5.3):
    - React
  - DoubleConversion (1.1.6)
  - FBLazyVector (0.65.1)
  - FBReactNativeSpec (0.65.1):
    - RCT-Folly (= 2021.04.26.00)
    - RCTRequired (= 0.65.1)
    - RCTTypeSafety (= 0.65.1)
    - React-Core (= 0.65.1)
    - React-jsi (= 0.65.1)
    - ReactCommon/turbomodule/core (= 0.65.1)
  - fmt (6.2.1)
  - glog (0.3.5)
  - MultiplatformBleAdapter (0.1.9)
  - RCT-Folly (2021.04.26.00):
    - boost-for-react-native
    - DoubleConversion
    - fmt (~> 6.2.1)
    - glog
    - RCT-Folly/Default (= 2021.04.26.00)
  - RCT-Folly/Default (2021.04.26.00):
    - boost-for-react-native
    - DoubleConversion
    - fmt (~> 6.2.1)
    - glog
  - RCTRequired (0.65.1)
  - RCTTypeSafety (0.65.1):
    - FBLazyVector (= 0.65.1)
    - RCT-Folly (= 2021.04.26.00)
    - RCTRequired (= 0.65.1)
    - React-Core (= 0.65.1)
  - React (0.65.1):
    - React-Core (= 0.65.1)
    - React-Core/DevSupport (= 0.65.1)
    - React-Core/RCTWebSocket (= 0.65.1)
    - React-RCTActionSheet (= 0.65.1)
    - React-RCTAnimation (= 0.65.1)
    - React-RCTBlob (= 0.65.1)
    - React-RCTImage (= 0.65.1)
    - React-RCTLinking (= 0.65.1)
    - React-RCTNetwork (= 0.65.1)
    - React-RCTSettings (= 0.65.1)
    - React-RCTText (= 0.65.1)
    - React-RCTVibration (= 0.65.1)
  - React-callinvoker (0.65.1)
  - React-Core (0.65.1):
    - glog
    - RCT-Folly (= 2021.04.26.00)
    - React-Core/Default (= 0.65.1)
    - React-cxxreact (= 0.65.1)
    - React-jsi (= 0.65.1)
    - React-jsiexecutor (= 0.65.1)
    - React-perflogger (= 0.65.1)
    - Yoga
  - React-Core/CoreModulesHeaders (0.65.1):
    - glog
    - RCT-Folly (= 2021.04.26.00)
    - React-Core/Default
    - React-cxxreact (= 0.65.1)
    - React-jsi (= 0.65.1)
    - React-jsiexecutor (= 0.65.1)
    - React-perflogger (= 0.65.1)
    - Yoga
  - React-Core/Default (0.65.1):
    - glog
    - RCT-Folly (= 2021.04.26.00)
    - React-cxxreact (= 0.65.1)
    - React-jsi (= 0.65.1)
    - React-jsiexecutor (= 0.65.1)
    - React-perflogger (= 0.65.1)
    - Yoga
  - React-Core/DevSupport (0.65.1):
    - glog
    - RCT-Folly (= 2021.04.26.00)
    - React-Core/Default (= 0.65.1)
    - React-Core/RCTWebSocket (= 0.65.1)
    - React-cxxreact (= 0.65.1)
    - React-jsi (= 0.65.1)
    - React-jsiexecutor (= 0.65.1)
    - React-jsinspector (= 0.65.1)
    - React-perflogger (= 0.65.1)
    - Yoga
  - React-Core/RCTActionSheetHeaders (0.65.1):
    - glog
    - RCT-Folly (= 2021.04.26.00)
    - React-Core/Default
    - React-cxxreact (= 0.65.1)
    - React-jsi (= 0.65.1)
    - React-jsiexecutor (= 0.65.1)
    - React-perflogger (= 0.65.1)
    - Yoga
  - React-Core/RCTAnimationHeaders (0.65.1):
    - glog
    - RCT-Folly (= 2021.04.26.00)
    - React-Core/Default
    - React-cxxreact (= 0.65.1)
    - React-jsi (= 0.65.1)
    - React-jsiexecutor (= 0.65.1)
    - React-perflogger (= 0.65.1)
    - Yoga
  - React-Core/RCTBlobHeaders (0.65.1):
    - glog
    - RCT-Folly (= 2021.04.26.00)
    - React-Core/Default
    - React-cxxreact (= 0.65.1)
    - React-jsi (= 0.65.1)
    - React-jsiexecutor (= 0.65.1)
    - React-perflogger (= 0.65.1)
    - Yoga
  - React-Core/RCTImageHeaders (0.65.1):
    - glog
    - RCT-Folly (= 2021.04.26.00)
    - React-Core/Default
    - React-cxxreact (= 0.65.1)
    - React-jsi (= 0.65.1)
    - React-jsiexecutor (= 0.65.1)
    - React-perflogger (= 0.65.1)
    - Yoga
  - React-Core/RCTLinkingHeaders (0.65.1):
    - glog
    - RCT-Folly (= 2021.04.26.00)
    - React-Core/Default
    - React-cxxreact (= 0.65.1)
    - React-jsi (= 0.65.1)
    - React-jsiexecutor (= 0.65.1)
    - React-perflogger (= 0.65.1)
    - Yoga
  - React-Core/RCTNetworkHeaders (0.65.1):
    - glog
    - RCT-Folly (= 2021.04.26.00)
    - React-Core/Default
    - React-cxxreact (= 0.65.1)
    - React-jsi (= 0.65.1)
    - React-jsiexecutor (= 0.65.1)
    - React-perflogger (= 0.65.1)
    - Yoga
  - React-Core/RCTSettingsHeaders (0.65.1):
    - glog
    - RCT-Folly (= 2021.04.26.00)
    - React-Core/Default
    - React-cxxreact (= 0.65.1)
    - React-jsi (= 0.65.1)
    - React-jsiexecutor (= 0.65.1)
    - React-perflogger (= 0.65.1)
    - Yoga
  - React-Core/RCTTextHeaders (0.65.1):
    - glog
    - RCT-Folly (= 2021.04.26.00)
    - React-Core/Default
    - React-cxxreact (= 0.65.1)
    - React-jsi (= 0.65.1)
    - React-jsiexecutor (= 0.65.1)
    - React-perflogger (= 0.65.1)
    - Yoga
  - React-Core/RCTVibrationHeaders (0.65.1):
    - glog
    - RCT-Folly (= 2021.04.26.00)
    - React-Core/Default
    - React-cxxreact (= 0.65.1)
    - React-jsi (= 0.65.1)
    - React-jsiexecutor (= 0.65.1)
    - React-perflogger (= 0.65.1)
    - Yoga
  - React-Core/RCTWebSocket (0.65.1):
    - glog
    - RCT-Folly (= 2021.04.26.00)
    - React-Core/Default (= 0.65.1)
    - React-cxxreact (= 0.65.1)
    - React-jsi (= 0.65.1)
    - React-jsiexecutor (= 0.65.1)
    - React-perflogger (= 0.65.1)
    - Yoga
  - React-CoreModules (0.65.1):
    - FBReactNativeSpec (= 0.65.1)
    - RCT-Folly (= 2021.04.26.00)
    - RCTTypeSafety (= 0.65.1)
    - React-Core/CoreModulesHeaders (= 0.65.1)
    - React-jsi (= 0.65.1)
    - React-RCTImage (= 0.65.1)
    - ReactCommon/turbomodule/core (= 0.65.1)
  - React-cxxreact (0.65.1):
    - boost-for-react-native (= 1.63.0)
    - DoubleConversion
    - glog
    - RCT-Folly (= 2021.04.26.00)
    - React-callinvoker (= 0.65.1)
    - React-jsi (= 0.65.1)
    - React-jsinspector (= 0.65.1)
    - React-perflogger (= 0.65.1)
    - React-runtimeexecutor (= 0.65.1)
  - React-jsi (0.65.1):
    - boost-for-react-native (= 1.63.0)
    - DoubleConversion
    - glog
    - RCT-Folly (= 2021.04.26.00)
    - React-jsi/Default (= 0.65.1)
  - React-jsi/Default (0.65.1):
    - boost-for-react-native (= 1.63.0)
    - DoubleConversion
    - glog
    - RCT-Folly (= 2021.04.26.00)
  - React-jsiexecutor (0.65.1):
    - DoubleConversion
    - glog
    - RCT-Folly (= 2021.04.26.00)
    - React-cxxreact (= 0.65.1)
    - React-jsi (= 0.65.1)
    - React-perflogger (= 0.65.1)
  - React-jsinspector (0.65.1)
  - react-native-ble-plx (2.0.3):
    - MultiplatformBleAdapter (= 0.1.9)
    - React-Core
  - react-native-image-picker (2.3.4):
    - React-Core
  - react-native-orientation (3.1.3):
    - React
  - react-native-safe-area-context (4.0.1):
    - RCT-Folly
    - RCTRequired
    - RCTTypeSafety
    - React
    - ReactCommon/turbomodule/core
  - react-native-uuid-generator (6.1.1):
    - React
  - react-native-view-shot (3.0.2):
    - React
  - react-native-webview (8.0.5):
    - React
  - React-perflogger (0.65.1)
  - React-RCTActionSheet (0.65.1):
    - React-Core/RCTActionSheetHeaders (= 0.65.1)
  - React-RCTAnimation (0.65.1):
    - FBReactNativeSpec (= 0.65.1)
    - RCT-Folly (= 2021.04.26.00)
    - RCTTypeSafety (= 0.65.1)
    - React-Core/RCTAnimationHeaders (= 0.65.1)
    - React-jsi (= 0.65.1)
    - ReactCommon/turbomodule/core (= 0.65.1)
  - React-RCTBlob (0.65.1):
    - FBReactNativeSpec (= 0.65.1)
    - RCT-Folly (= 2021.04.26.00)
    - React-Core/RCTBlobHeaders (= 0.65.1)
    - React-Core/RCTWebSocket (= 0.65.1)
    - React-jsi (= 0.65.1)
    - React-RCTNetwork (= 0.65.1)
    - ReactCommon/turbomodule/core (= 0.65.1)
  - React-RCTImage (0.65.1):
    - FBReactNativeSpec (= 0.65.1)
    - RCT-Folly (= 2021.04.26.00)
    - RCTTypeSafety (= 0.65.1)
    - React-Core/RCTImageHeaders (= 0.65.1)
    - React-jsi (= 0.65.1)
    - React-RCTNetwork (= 0.65.1)
    - ReactCommon/turbomodule/core (= 0.65.1)
  - React-RCTLinking (0.65.1):
    - FBReactNativeSpec (= 0.65.1)
    - React-Core/RCTLinkingHeaders (= 0.65.1)
    - React-jsi (= 0.65.1)
    - ReactCommon/turbomodule/core (= 0.65.1)
  - React-RCTNetwork (0.65.1):
    - FBReactNativeSpec (= 0.65.1)
    - RCT-Folly (= 2021.04.26.00)
    - RCTTypeSafety (= 0.65.1)
    - React-Core/RCTNetworkHeaders (= 0.65.1)
    - React-jsi (= 0.65.1)
    - ReactCommon/turbomodule/core (= 0.65.1)
  - React-RCTSettings (0.65.1):
    - FBReactNativeSpec (= 0.65.1)
    - RCT-Folly (= 2021.04.26.00)
    - RCTTypeSafety (= 0.65.1)
    - React-Core/RCTSettingsHeaders (= 0.65.1)
    - React-jsi (= 0.65.1)
    - ReactCommon/turbomodule/core (= 0.65.1)
  - React-RCTText (0.65.1):
    - React-Core/RCTTextHeaders (= 0.65.1)
  - React-RCTVibration (0.65.1):
    - FBReactNativeSpec (= 0.65.1)
    - RCT-Folly (= 2021.04.26.00)
    - React-Core/RCTVibrationHeaders (= 0.65.1)
    - React-jsi (= 0.65.1)
    - ReactCommon/turbomodule/core (= 0.65.1)
  - React-runtimeexecutor (0.65.1):
    - React-jsi (= 0.65.1)
  - ReactCommon/turbomodule/core (0.65.1):
    - DoubleConversion
    - glog
    - RCT-Folly (= 2021.04.26.00)
    - React-callinvoker (= 0.65.1)
    - React-Core (= 0.65.1)
    - React-cxxreact (= 0.65.1)
    - React-jsi (= 0.65.1)
    - React-perflogger (= 0.65.1)
  - ReactNativePermissions (1.1.1):
    - React
  - RNCAsyncStorage (1.15.8):
    - React-Core
  - RNCMaskedView (0.1.11):
    - React
  - RNCPicker (1.8.1):
    - React-Core
  - RNDateTimePicker (3.5.2):
    - React-Core
  - RNGestureHandler (2.1.0):
    - React-Core
  - RNI18n (2.0.15):
    - React
  - RNReanimated (2.3.0):
    - DoubleConversion
    - FBLazyVector
    - FBReactNativeSpec
    - glog
    - RCT-Folly
    - RCTRequired
    - RCTTypeSafety
    - React
    - React-callinvoker
    - React-Core
    - React-Core/DevSupport
    - React-Core/RCTWebSocket
    - React-CoreModules
    - React-cxxreact
    - React-jsi
    - React-jsiexecutor
    - React-jsinspector
    - React-RCTActionSheet
    - React-RCTAnimation
    - React-RCTBlob
    - React-RCTImage
    - React-RCTLinking
    - React-RCTNetwork
    - React-RCTSettings
    - React-RCTText
    - ReactCommon/turbomodule/core
    - Yoga
  - RNScreens (3.12.0):
    - React-Core
    - React-RCTImage
  - RNShare (1.1.3):
    - React
  - RNSVG (12.1.1):
    - React
  - RNVectorIcons (7.0.0):
    - React
  - TextToSpeech (2.0.0):
    - React
  - Yoga (1.14.0)

DEPENDENCIES:
  - BVLinearGradient (from `../node_modules/react-native-linear-gradient`)
  - DoubleConversion (from `../node_modules/react-native/third-party-podspecs/DoubleConversion.podspec`)
  - FBLazyVector (from `../node_modules/react-native/Libraries/FBLazyVector`)
  - FBReactNativeSpec (from `../node_modules/react-native/React/FBReactNativeSpec`)
  - glog (from `../node_modules/react-native/third-party-podspecs/glog.podspec`)
  - RCT-Folly (from `../node_modules/react-native/third-party-podspecs/RCT-Folly.podspec`)
  - RCTRequired (from `../node_modules/react-native/Libraries/RCTRequired`)
  - RCTTypeSafety (from `../node_modules/react-native/Libraries/TypeSafety`)
  - React (from `../node_modules/react-native/`)
  - React-callinvoker (from `../node_modules/react-native/ReactCommon/callinvoker`)
  - React-Core (from `../node_modules/react-native/`)
  - React-Core/DevSupport (from `../node_modules/react-native/`)
  - React-Core/RCTWebSocket (from `../node_modules/react-native/`)
  - React-CoreModules (from `../node_modules/react-native/React/CoreModules`)
  - React-cxxreact (from `../node_modules/react-native/ReactCommon/cxxreact`)
  - React-jsi (from `../node_modules/react-native/ReactCommon/jsi`)
  - React-jsiexecutor (from `../node_modules/react-native/ReactCommon/jsiexecutor`)
  - React-jsinspector (from `../node_modules/react-native/ReactCommon/jsinspector`)
  - react-native-ble-plx (from `../node_modules/react-native-ble-plx`)
  - react-native-image-picker (from `../node_modules/react-native-image-picker`)
  - react-native-orientation (from `../node_modules/react-native-orientation`)
  - react-native-safe-area-context (from `../node_modules/react-native-safe-area-context`)
  - react-native-uuid-generator (from `../node_modules/react-native-uuid-generator`)
  - react-native-view-shot (from `../node_modules/react-native-view-shot`)
  - react-native-webview (from `../node_modules/react-native-webview`)
  - React-perflogger (from `../node_modules/react-native/ReactCommon/reactperflogger`)
  - React-RCTActionSheet (from `../node_modules/react-native/Libraries/ActionSheetIOS`)
  - React-RCTAnimation (from `../node_modules/react-native/Libraries/NativeAnimation`)
  - React-RCTBlob (from `../node_modules/react-native/Libraries/Blob`)
  - React-RCTImage (from `../node_modules/react-native/Libraries/Image`)
  - React-RCTLinking (from `../node_modules/react-native/Libraries/LinkingIOS`)
  - React-RCTNetwork (from `../node_modules/react-native/Libraries/Network`)
  - React-RCTSettings (from `../node_modules/react-native/Libraries/Settings`)
  - React-RCTText (from `../node_modules/react-native/Libraries/Text`)
  - React-RCTVibration (from `../node_modules/react-native/Libraries/Vibration`)
  - React-runtimeexecutor (from `../node_modules/react-native/ReactCommon/runtimeexecutor`)
  - ReactCommon/turbomodule/core (from `../node_modules/react-native/ReactCommon`)
  - ReactNativePermissions (from `../node_modules/react-native-permissions`)
  - "RNCAsyncStorage (from `../node_modules/@react-native-async-storage/async-storage`)"
  - "RNCMaskedView (from `../node_modules/@react-native-community/masked-view`)"
  - "RNCPicker (from `../node_modules/@react-native-community/picker`)"
  - "RNDateTimePicker (from `../node_modules/@react-native-community/datetimepicker`)"
  - RNGestureHandler (from `../node_modules/react-native-gesture-handler`)
  - RNI18n (from `../node_modules/react-native-i18n`)
  - RNReanimated (from `../node_modules/react-native-reanimated`)
  - RNScreens (from `../node_modules/react-native-screens`)
  - RNShare (from `../node_modules/react-native-share`)
  - RNSVG (from `../node_modules/react-native-svg`)
  - RNVectorIcons (from `../node_modules/react-native-vector-icons`)
  - TextToSpeech (from `../node_modules/react-native-tts`)
  - Yoga (from `../node_modules/react-native/ReactCommon/yoga`)

SPEC REPOS:
  trunk:
    - boost-for-react-native
    - fmt
    - MultiplatformBleAdapter

EXTERNAL SOURCES:
  BVLinearGradient:
    :path: "../node_modules/react-native-linear-gradient"
  DoubleConversion:
    :podspec: "../node_modules/react-native/third-party-podspecs/DoubleConversion.podspec"
  FBLazyVector:
    :path: "../node_modules/react-native/Libraries/FBLazyVector"
  FBReactNativeSpec:
    :path: "../node_modules/react-native/React/FBReactNativeSpec"
  glog:
    :podspec: "../node_modules/react-native/third-party-podspecs/glog.podspec"
  RCT-Folly:
    :podspec: "../node_modules/react-native/third-party-podspecs/RCT-Folly.podspec"
  RCTRequired:
    :path: "../node_modules/react-native/Libraries/RCTRequired"
  RCTTypeSafety:
    :path: "../node_modules/react-native/Libraries/TypeSafety"
  React:
    :path: "../node_modules/react-native/"
  React-callinvoker:
    :path: "../node_modules/react-native/ReactCommon/callinvoker"
  React-Core:
    :path: "../node_modules/react-native/"
  React-CoreModules:
    :path: "../node_modules/react-native/React/CoreModules"
  React-cxxreact:
    :path: "../node_modules/react-native/ReactCommon/cxxreact"
  React-jsi:
    :path: "../node_modules/react-native/ReactCommon/jsi"
  React-jsiexecutor:
    :path: "../node_modules/react-native/ReactCommon/jsiexecutor"
  React-jsinspector:
    :path: "../node_modules/react-native/ReactCommon/jsinspector"
  react-native-ble-plx:
    :path: "../node_modules/react-native-ble-plx"
  react-native-image-picker:
    :path: "../node_modules/react-native-image-picker"
  react-native-orientation:
    :path: "../node_modules/react-native-orientation"
  react-native-safe-area-context:
    :path: "../node_modules/react-native-safe-area-context"
  react-native-uuid-generator:
    :path: "../node_modules/react-native-uuid-generator"
  react-native-view-shot:
    :path: "../node_modules/react-native-view-shot"
  react-native-webview:
    :path: "../node_modules/react-native-webview"
  React-perflogger:
    :path: "../node_modules/react-native/ReactCommon/reactperflogger"
  React-RCTActionSheet:
    :path: "../node_modules/react-native/Libraries/ActionSheetIOS"
  React-RCTAnimation:
    :path: "../node_modules/react-native/Libraries/NativeAnimation"
  React-RCTBlob:
    :path: "../node_modules/react-native/Libraries/Blob"
  React-RCTImage:
    :path: "../node_modules/react-native/Libraries/Image"
  React-RCTLinking:
    :path: "../node_modules/react-native/Libraries/LinkingIOS"
  React-RCTNetwork:
    :path: "../node_modules/react-native/Libraries/Network"
  React-RCTSettings:
    :path: "../node_modules/react-native/Libraries/Settings"
  React-RCTText:
    :path: "../node_modules/react-native/Libraries/Text"
  React-RCTVibration:
    :path: "../node_modules/react-native/Libraries/Vibration"
  React-runtimeexecutor:
    :path: "../node_modules/react-native/ReactCommon/runtimeexecutor"
  ReactCommon:
    :path: "../node_modules/react-native/ReactCommon"
  ReactNativePermissions:
    :path: "../node_modules/react-native-permissions"
  RNCAsyncStorage:
    :path: "../node_modules/@react-native-async-storage/async-storage"
  RNCMaskedView:
    :path: "../node_modules/@react-native-community/masked-view"
  RNCPicker:
    :path: "../node_modules/@react-native-community/picker"
  RNDateTimePicker:
    :path: "../node_modules/@react-native-community/datetimepicker"
  RNGestureHandler:
    :path: "../node_modules/react-native-gesture-handler"
  RNI18n:
    :path: "../node_modules/react-native-i18n"
  RNReanimated:
    :path: "../node_modules/react-native-reanimated"
  RNScreens:
    :path: "../node_modules/react-native-screens"
  RNShare:
    :path: "../node_modules/react-native-share"
  RNSVG:
    :path: "../node_modules/react-native-svg"
  RNVectorIcons:
    :path: "../node_modules/react-native-vector-icons"
  TextToSpeech:
    :path: "../node_modules/react-native-tts"
  Yoga:
    :path: "../node_modules/react-native/ReactCommon/yoga"

SPEC CHECKSUMS:
  boost-for-react-native: 39c7adb57c4e60d6c5479dd8623128eb5b3f0f2c
  BVLinearGradient: 0d985ec461359c82bc254f26d11008bdae50d17a
  DoubleConversion: 831926d9b8bf8166fd87886c4abab286c2422662
  FBLazyVector: 33c82491102f20ecddb6c6a2c273696ace3191e0
  FBReactNativeSpec: df8f81d2a7541ee6755a047b398a5cb5a72acd0e
  fmt: ff9d55029c625d3757ed641535fd4a75fedc7ce9
  glog: 5337263514dd6f09803962437687240c5dc39aa4
  MultiplatformBleAdapter: 5a6a897b006764392f9cef785e4360f54fb9477d
  RCT-Folly: 0dd9e1eb86348ecab5ba76f910b56f4b5fef3c46
  RCTRequired: 6cf071ab2adfd769014b3d94373744ee6e789530
  RCTTypeSafety: b829c59453478bb5b02487b8de3336386ab93ab1
  React: 29d8a785041b96a2754c25cc16ddea57b7a618ce
  React-callinvoker: 2857b61132bd7878b736e282581f4b42fd93002b
  React-Core: 001e21bad5ca41e59e9d90df5c0b53da04c3ce8e
  React-CoreModules: 0a0410ab296a62ab38e2f8d321e822d1fcc2fe49
  React-cxxreact: 8d904967134ae8ff0119c5357c42eaae976806f8
  React-jsi: 12913c841713a15f64eabf5c9ad98592c0ec5940
  React-jsiexecutor: 43f2542aed3c26e42175b339f8d37fe3dd683765
  React-jsinspector: 41e58e5b8e3e0bf061fdf725b03f2144014a8fb0
  react-native-ble-plx: f10240444452dfb2d2a13a0e4f58d7783e92d76e
  react-native-image-picker: c6d75c4ab2cf46f9289f341242b219cb3c1180d3
  react-native-orientation: f1caf84d65f1a4fd4511a18f2b924e634ad7a628
  react-native-safe-area-context: eec048ba481a7ec7b1bf9d7b7a78fb1103f4806d
  react-native-uuid-generator: 82ffa2a1cac94242ebed52c4dedc5044d3412717
  react-native-view-shot: 5f80b8f4f9003c3da8c0c0013488e5b2db17b1e2
  react-native-webview: d12c8352c853e401fb6fff69a3461d0bca9f0c0b
  React-perflogger: fd28ee1f2b5b150b00043f0301d96bd417fdc339
  React-RCTActionSheet: 7f3fa0855c346aa5d7c60f9ced16e067db6d29fa
  React-RCTAnimation: 2119a18ee26159004b001bc56404ca5dbaae6077
  React-RCTBlob: a493cc306deeaba0c0efa8ecec2da154afd3a798
  React-RCTImage: 54999ddc896b7db6650af5760607aaebdf30425c
  React-RCTLinking: 7fb3fa6397d3700c69c3d361870a299f04f1a2e6
  React-RCTNetwork: 329ee4f75bd2deb8cf6c4b14231b5bb272cbd9af
  React-RCTSettings: 1a659d58e45719bc77c280dbebce6a5a5a2733f5
  React-RCTText: e12d7aae2a038be9ae72815436677a7c6549dd26
  React-RCTVibration: 92d41c2442e5328cc4d342cd7f78e5876b68bae5
  React-runtimeexecutor: 85187f19dd9c47a7c102f9994f9d14e4dc2110de
  ReactCommon: eafed38eec7b591c31751bfa7494801618460459
  ReactNativePermissions: b64e084dff6a5cad51587d38c306f09246246384
  RNCAsyncStorage: e8b8d6320a0dd90eb610fb0d0b1ef90596697c69
  RNCMaskedView: 0e1bc4bfa8365eba5fbbb71e07fbdc0555249489
  RNCPicker: 914b557e20b3b8317b084aca9ff4b4edb95f61e4
  RNDateTimePicker: 7658208086d86d09e1627b5c34ba0cf237c60140
  RNGestureHandler: e5c7cab5f214503dcefd6b2b0cefb050e1f51c4a
  RNI18n: e2f7e76389fcc6e84f2c8733ea89b92502351fd8
  RNReanimated: 9e78a9af20b19d38d9596475e3a27b3a5acdf91a
  RNScreens: 2559f98b0835103cbef3b26ba77fa61d4bb37ae7
  RNShare: 4f206fa36e384e95a0cbf79f2a92490647e93127
  RNSVG: 551acb6562324b1d52a4e0758f7ca0ec234e278f
  RNVectorIcons: da6fe858f5a65d7bbc3379540a889b0b12aa5976
  TextToSpeech: 4e2fc50c7495416c6da5a1662ad3f750c58d3c85
  Yoga: aa0cb45287ebe1004c02a13f279c55a95f1572f4

PODFILE CHECKSUM: 8ff6be732cf1835c57b0bac1a35d8fdce8173c11

COCOAPODS: 1.11.2
